
Microsoft Visual Studio Solution File, Format Version 11.00
# Visual Studio 2010
Project("{FAE04EC0-301F-11D3-BF4B-00C04F79EFBC}") = "UnityEngine.TestRunner", "UnityEngine.TestRunner.csproj", "{2d23f2dc-8739-c27b-6b35-eaad02f27b42}"
EndProject
Project("{FAE04EC0-301F-11D3-BF4B-00C04F79EFBC}") = "Assembly-CSharp", "Assembly-CSharp.csproj", "{45a5529e-5193-7929-c99c-fab74345087d}"
EndProject
Project("{FAE04EC0-301F-11D3-BF4B-00C04F79EFBC}") = "Unity.Timeline", "Unity.Timeline.csproj", "{c80c5ac1-ba1a-fca0-4971-10b52c793576}"
EndProject
Project("{FAE04EC0-301F-11D3-BF4B-00C04F79EFBC}") = "UnityEngine.UI", "UnityEngine.UI.csproj", "{489bd569-2ee7-ffca-f566-bc2a3d79553b}"
EndProject
Project("{FAE04EC0-301F-11D3-BF4B-00C04F79EFBC}") = "Unity.TextMeshPro", "Unity.TextMeshPro.csproj", "{ad96f0ac-7817-f050-b021-e6b9515a5bf8}"
EndProject
Project("{FAE04EC0-301F-11D3-BF4B-00C04F79EFBC}") = "UnityEditor.TestRunner", "UnityEditor.TestRunner.csproj", "{3c15a94c-4a6f-8a0b-61b9-61dade1ea7e5}"
EndProject
Project("{FAE04EC0-301F-11D3-BF4B-00C04F79EFBC}") = "Unity.PlasticSCM.Editor", "Unity.PlasticSCM.Editor.csproj", "{3ade1aef-9521-df9d-a0e6-e54113ce0ba9}"
EndProject
Project("{FAE04EC0-301F-11D3-BF4B-00C04F79EFBC}") = "UnityEditor.UI", "UnityEditor.UI.csproj", "{80d64ce7-c677-3337-fbe7-b4853c3e4d75}"
EndProject
Project("{FAE04EC0-301F-11D3-BF4B-00C04F79EFBC}") = "Unity.Services.Core.Editor", "Unity.Services.Core.Editor.csproj", "{5136f6ab-d57f-d1fb-33ab-99ce336b8a54}"
EndProject
Project("{FAE04EC0-301F-11D3-BF4B-00C04F79EFBC}") = "Unity.Timeline.Editor", "Unity.Timeline.Editor.csproj", "{1fd72c8d-342e-5599-d5e3-bde37c97bc39}"
EndProject
Project("{FAE04EC0-301F-11D3-BF4B-00C04F79EFBC}") = "Unity.VisualStudio.Editor", "Unity.VisualStudio.Editor.csproj", "{83458d56-1ee1-5d0d-e2f9-7689950557f5}"
EndProject
Project("{FAE04EC0-301F-11D3-BF4B-00C04F79EFBC}") = "Unity.TextMeshPro.Editor", "Unity.TextMeshPro.Editor.csproj", "{b8791c10-ea1a-495d-3b70-0bc53a86f6e9}"
EndProject
Project("{FAE04EC0-301F-11D3-BF4B-00C04F79EFBC}") = "Unity.CollabProxy.Editor", "Unity.CollabProxy.Editor.csproj", "{b4d39c8c-2a2f-c24f-399c-53cdc9f10ec1}"
EndProject
Project("{FAE04EC0-301F-11D3-BF4B-00C04F79EFBC}") = "Unity.Rider.Editor", "Unity.Rider.Editor.csproj", "{ce5deb23-d477-1069-1325-91c64624c0f2}"
EndProject
Project("{FAE04EC0-301F-11D3-BF4B-00C04F79EFBC}") = "Unity.VSCode.Editor", "Unity.VSCode.Editor.csproj", "{59eadce3-1f6b-0337-dfc4-9c8bd1f6623c}"
EndProject
Project("{FAE04EC0-301F-11D3-BF4B-00C04F79EFBC}") = "UnityEngine.TestRunner", "UnityEngine.TestRunner.Player.csproj", "{bfcb355c-fa3a-c0de-185a-79b9ad6b6eb2}"
EndProject
Project("{FAE04EC0-301F-11D3-BF4B-00C04F79EFBC}") = "Assembly-CSharp", "Assembly-CSharp.Player.csproj", "{c7232ecd-c27c-81ab-8596-5b4878baea92}"
EndProject
Project("{FAE04EC0-301F-11D3-BF4B-00C04F79EFBC}") = "Unity.Timeline", "Unity.Timeline.Player.csproj", "{c107781f-8af3-49f6-c6c9-e7f615686619}"
EndProject
Project("{FAE04EC0-301F-11D3-BF4B-00C04F79EFBC}") = "UnityEngine.UI", "UnityEngine.UI.Player.csproj", "{31015697-46d7-82a5-0f9e-1f4a43909fa7}"
EndProject
Project("{FAE04EC0-301F-11D3-BF4B-00C04F79EFBC}") = "Unity.TextMeshPro", "Unity.TextMeshPro.Player.csproj", "{38eb56d8-7464-8a84-62e7-8e7673e64b6a}"
EndProject
Global
	GlobalSection(SolutionConfigurationPlatforms) = preSolution
		Debug|Any CPU = Debug|Any CPU
		Release|Any CPU = Release|Any CPU
	EndGlobalSection
	GlobalSection(ProjectConfigurationPlatforms) = postSolution
		{2d23f2dc-8739-c27b-6b35-eaad02f27b42}.Debug|Any CPU.ActiveCfg = Debug|Any CPU
		{2d23f2dc-8739-c27b-6b35-eaad02f27b42}.Debug|Any CPU.Build.0 = Debug|Any CPU
		{2d23f2dc-8739-c27b-6b35-eaad02f27b42}.Release|Any CPU.ActiveCfg = Release|Any CPU
		{2d23f2dc-8739-c27b-6b35-eaad02f27b42}.Release|Any CPU.Build.0 = Release|Any CPU
		{45a5529e-5193-7929-c99c-fab74345087d}.Debug|Any CPU.ActiveCfg = Debug|Any CPU
		{45a5529e-5193-7929-c99c-fab74345087d}.Debug|Any CPU.Build.0 = Debug|Any CPU
		{45a5529e-5193-7929-c99c-fab74345087d}.Release|Any CPU.ActiveCfg = Release|Any CPU
		{45a5529e-5193-7929-c99c-fab74345087d}.Release|Any CPU.Build.0 = Release|Any CPU
		{c80c5ac1-ba1a-fca0-4971-10b52c793576}.Debug|Any CPU.ActiveCfg = Debug|Any CPU
		{c80c5ac1-ba1a-fca0-4971-10b52c793576}.Debug|Any CPU.Build.0 = Debug|Any CPU
		{c80c5ac1-ba1a-fca0-4971-10b52c793576}.Release|Any CPU.ActiveCfg = Release|Any CPU
		{c80c5ac1-ba1a-fca0-4971-10b52c793576}.Release|Any CPU.Build.0 = Release|Any CPU
		{489bd569-2ee7-ffca-f566-bc2a3d79553b}.Debug|Any CPU.ActiveCfg = Debug|Any CPU
		{489bd569-2ee7-ffca-f566-bc2a3d79553b}.Debug|Any CPU.Build.0 = Debug|Any CPU
		{489bd569-2ee7-ffca-f566-bc2a3d79553b}.Release|Any CPU.ActiveCfg = Release|Any CPU
		{489bd569-2ee7-ffca-f566-bc2a3d79553b}.Release|Any CPU.Build.0 = Release|Any CPU
		{ad96f0ac-7817-f050-b021-e6b9515a5bf8}.Debug|Any CPU.ActiveCfg = Debug|Any CPU
		{ad96f0ac-7817-f050-b021-e6b9515a5bf8}.Debug|Any CPU.Build.0 = Debug|Any CPU
		{ad96f0ac-7817-f050-b021-e6b9515a5bf8}.Release|Any CPU.ActiveCfg = Release|Any CPU
		{ad96f0ac-7817-f050-b021-e6b9515a5bf8}.Release|Any CPU.Build.0 = Release|Any CPU
		{3c15a94c-4a6f-8a0b-61b9-61dade1ea7e5}.Debug|Any CPU.ActiveCfg = Debug|Any CPU
		{3c15a94c-4a6f-8a0b-61b9-61dade1ea7e5}.Debug|Any CPU.Build.0 = Debug|Any CPU
		{3c15a94c-4a6f-8a0b-61b9-61dade1ea7e5}.Release|Any CPU.ActiveCfg = Release|Any CPU
		{3c15a94c-4a6f-8a0b-61b9-61dade1ea7e5}.Release|Any CPU.Build.0 = Release|Any CPU
		{3ade1aef-9521-df9d-a0e6-e54113ce0ba9}.Debug|Any CPU.ActiveCfg = Debug|Any CPU
		{3ade1aef-9521-df9d-a0e6-e54113ce0ba9}.Debug|Any CPU.Build.0 = Debug|Any CPU
		{3ade1aef-9521-df9d-a0e6-e54113ce0ba9}.Release|Any CPU.ActiveCfg = Release|Any CPU
		{3ade1aef-9521-df9d-a0e6-e54113ce0ba9}.Release|Any CPU.Build.0 = Release|Any CPU
		{80d64ce7-c677-3337-fbe7-b4853c3e4d75}.Debug|Any CPU.ActiveCfg = Debug|Any CPU
		{80d64ce7-c677-3337-fbe7-b4853c3e4d75}.Debug|Any CPU.Build.0 = Debug|Any CPU
		{80d64ce7-c677-3337-fbe7-b4853c3e4d75}.Release|Any CPU.ActiveCfg = Release|Any CPU
		{80d64ce7-c677-3337-fbe7-b4853c3e4d75}.Release|Any CPU.Build.0 = Release|Any CPU
		{5136f6ab-d57f-d1fb-33ab-99ce336b8a54}.Debug|Any CPU.ActiveCfg = Debug|Any CPU
		{5136f6ab-d57f-d1fb-33ab-99ce336b8a54}.Debug|Any CPU.Build.0 = Debug|Any CPU
		{5136f6ab-d57f-d1fb-33ab-99ce336b8a54}.Release|Any CPU.ActiveCfg = Release|Any CPU
		{5136f6ab-d57f-d1fb-33ab-99ce336b8a54}.Release|Any CPU.Build.0 = Release|Any CPU
		{1fd72c8d-342e-5599-d5e3-bde37c97bc39}.Debug|Any CPU.ActiveCfg = Debug|Any CPU
		{1fd72c8d-342e-5599-d5e3-bde37c97bc39}.Debug|Any CPU.Build.0 = Debug|Any CPU
		{1fd72c8d-342e-5599-d5e3-bde37c97bc39}.Release|Any CPU.ActiveCfg = Release|Any CPU
		{1fd72c8d-342e-5599-d5e3-bde37c97bc39}.Release|Any CPU.Build.0 = Release|Any CPU
		{83458d56-1ee1-5d0d-e2f9-7689950557f5}.Debug|Any CPU.ActiveCfg = Debug|Any CPU
		{83458d56-1ee1-5d0d-e2f9-7689950557f5}.Debug|Any CPU.Build.0 = Debug|Any CPU
		{83458d56-1ee1-5d0d-e2f9-7689950557f5}.Release|Any CPU.ActiveCfg = Release|Any CPU
		{83458d56-1ee1-5d0d-e2f9-7689950557f5}.Release|Any CPU.Build.0 = Release|Any CPU
		{b8791c10-ea1a-495d-3b70-0bc53a86f6e9}.Debug|Any CPU.ActiveCfg = Debug|Any CPU
		{b8791c10-ea1a-495d-3b70-0bc53a86f6e9}.Debug|Any CPU.Build.0 = Debug|Any CPU
		{b8791c10-ea1a-495d-3b70-0bc53a86f6e9}.Release|Any CPU.ActiveCfg = Release|Any CPU
		{b8791c10-ea1a-495d-3b70-0bc53a86f6e9}.Release|Any CPU.Build.0 = Release|Any CPU
		{b4d39c8c-2a2f-c24f-399c-53cdc9f10ec1}.Debug|Any CPU.ActiveCfg = Debug|Any CPU
		{b4d39c8c-2a2f-c24f-399c-53cdc9f10ec1}.Debug|Any CPU.Build.0 = Debug|Any CPU
		{b4d39c8c-2a2f-c24f-399c-53cdc9f10ec1}.Release|Any CPU.ActiveCfg = Release|Any CPU
		{b4d39c8c-2a2f-c24f-399c-53cdc9f10ec1}.Release|Any CPU.Build.0 = Release|Any CPU
		{ce5deb23-d477-1069-1325-91c64624c0f2}.Debug|Any CPU.ActiveCfg = Debug|Any CPU
		{ce5deb23-d477-1069-1325-91c64624c0f2}.Debug|Any CPU.Build.0 = Debug|Any CPU
		{ce5deb23-d477-1069-1325-91c64624c0f2}.Release|Any CPU.ActiveCfg = Release|Any CPU
		{ce5deb23-d477-1069-1325-91c64624c0f2}.Release|Any CPU.Build.0 = Release|Any CPU
		{59eadce3-1f6b-0337-dfc4-9c8bd1f6623c}.Debug|Any CPU.ActiveCfg = Debug|Any CPU
		{59eadce3-1f6b-0337-dfc4-9c8bd1f6623c}.Debug|Any CPU.Build.0 = Debug|Any CPU
		{59eadce3-1f6b-0337-dfc4-9c8bd1f6623c}.Release|Any CPU.ActiveCfg = Release|Any CPU
		{59eadce3-1f6b-0337-dfc4-9c8bd1f6623c}.Release|Any CPU.Build.0 = Release|Any CPU
		{bfcb355c-fa3a-c0de-185a-79b9ad6b6eb2}.Debug|Any CPU.ActiveCfg = Debug|Any CPU
		{bfcb355c-fa3a-c0de-185a-79b9ad6b6eb2}.Debug|Any CPU.Build.0 = Debug|Any CPU
		{bfcb355c-fa3a-c0de-185a-79b9ad6b6eb2}.Release|Any CPU.ActiveCfg = Release|Any CPU
		{bfcb355c-fa3a-c0de-185a-79b9ad6b6eb2}.Release|Any CPU.Build.0 = Release|Any CPU
		{c7232ecd-c27c-81ab-8596-5b4878baea92}.Debug|Any CPU.ActiveCfg = Debug|Any CPU
		{c7232ecd-c27c-81ab-8596-5b4878baea92}.Debug|Any CPU.Build.0 = Debug|Any CPU
		{c7232ecd-c27c-81ab-8596-5b4878baea92}.Release|Any CPU.ActiveCfg = Release|Any CPU
		{c7232ecd-c27c-81ab-8596-5b4878baea92}.Release|Any CPU.Build.0 = Release|Any CPU
		{c107781f-8af3-49f6-c6c9-e7f615686619}.Debug|Any CPU.ActiveCfg = Debug|Any CPU
		{c107781f-8af3-49f6-c6c9-e7f615686619}.Debug|Any CPU.Build.0 = Debug|Any CPU
		{c107781f-8af3-49f6-c6c9-e7f615686619}.Release|Any CPU.ActiveCfg = Release|Any CPU
		{c107781f-8af3-49f6-c6c9-e7f615686619}.Release|Any CPU.Build.0 = Release|Any CPU
		{31015697-46d7-82a5-0f9e-1f4a43909fa7}.Debug|Any CPU.ActiveCfg = Debug|Any CPU
		{31015697-46d7-82a5-0f9e-1f4a43909fa7}.Debug|Any CPU.Build.0 = Debug|Any CPU
		{31015697-46d7-82a5-0f9e-1f4a43909fa7}.Release|Any CPU.ActiveCfg = Release|Any CPU
		{31015697-46d7-82a5-0f9e-1f4a43909fa7}.Release|Any CPU.Build.0 = Release|Any CPU
		{38eb56d8-7464-8a84-62e7-8e7673e64b6a}.Debug|Any CPU.ActiveCfg = Debug|Any CPU
		{38eb56d8-7464-8a84-62e7-8e7673e64b6a}.Debug|Any CPU.Build.0 = Debug|Any CPU
		{38eb56d8-7464-8a84-62e7-8e7673e64b6a}.Release|Any CPU.ActiveCfg = Release|Any CPU
		{38eb56d8-7464-8a84-62e7-8e7673e64b6a}.Release|Any CPU.Build.0 = Release|Any CPU
	EndGlobalSection
	GlobalSection(SolutionProperties) = preSolution
		HideSolutionNode = FALSE
	EndGlobalSection
EndGlobal
